
Microsoft Visual Studio Solution File, Format Version 12.00
# Visual Studio Version 16
VisualStudioVersion = 16.0.31624.102
MinimumVisualStudioVersion = 10.0.40219.1
Project("{FAE04EC0-301F-11D3-BF4B-00C04F79EFBC}") = "ElectionKattis", "ElectionKattis.csproj", "{2C3C1F9C-5DC1-4A93-8986-3DE069053C86}"
EndProject
Global
	GlobalSection(SolutionConfigurationPlatforms) = preSolution
		Debug|Any CPU = Debug|Any CPU
		Release|Any CPU = Release|Any CPU
	EndGlobalSection
	GlobalSection(ProjectConfigurationPlatforms) = postSolution
		{2C3C1F9C-5DC1-4A93-8986-3DE069053C86}.Debug|Any CPU.ActiveCfg = Debug|Any CPU
		{2C3C1F9C-5DC1-4A93-8986-3DE069053C86}.Debug|Any CPU.Build.0 = Debug|Any CPU
		{2C3C1F9C-5DC1-4A93-8986-3DE069053C86}.Release|Any CPU.ActiveCfg = Release|Any CPU
		{2C3C1F9C-5DC1-4A93-8986-3DE069053C86}.Release|Any CPU.Build.0 = Release|Any CPU
	EndGlobalSection
	GlobalSection(SolutionProperties) = preSolution
		HideSolutionNode = FALSE
	EndGlobalSection
	GlobalSection(ExtensibilityGlobals) = postSolution
		SolutionGuid = {9DBFBFBF-4BDB-476C-A73C-7379D40C2152}
	EndGlobalSection
EndGlobal
